
Microsoft Visual Studio Solution File, Format Version 12.00
# Visual Studio Version 16
VisualStudioVersion = 16.0.30225.117
MinimumVisualStudioVersion = 10.0.40219.1
Project("{FAE04EC0-301F-11D3-BF4B-00C04F79EFBC}") = "TSBD", "TSBD.csproj", "{374828B9-98D5-458B-A1C9-30D214CB683E}"
EndProject
Global
	GlobalSection(SolutionConfigurationPlatforms) = preSolution
		Debug|Any CPU = Debug|Any CPU
		Release|Any CPU = Release|Any CPU
	EndGlobalSection
	GlobalSection(ProjectConfigurationPlatforms) = postSolution
		{374828B9-98D5-458B-A1C9-30D214CB683E}.Debug|Any CPU.ActiveCfg = Debug|Any CPU
		{374828B9-98D5-458B-A1C9-30D214CB683E}.Debug|Any CPU.Build.0 = Debug|Any CPU
		{374828B9-98D5-458B-A1C9-30D214CB683E}.Release|Any CPU.ActiveCfg = Release|Any CPU
		{374828B9-98D5-458B-A1C9-30D214CB683E}.Release|Any CPU.Build.0 = Release|Any CPU
	EndGlobalSection
	GlobalSection(SolutionProperties) = preSolution
		HideSolutionNode = FALSE
	EndGlobalSection
	GlobalSection(ExtensibilityGlobals) = postSolution
		SolutionGuid = {4C72613C-488E-4E48-859A-209E97972653}
	EndGlobalSection
EndGlobal
