
Microsoft Visual Studio Solution File, Format Version 12.00
# Visual Studio Version 16
VisualStudioVersion = 16.0.30225.117
MinimumVisualStudioVersion = 10.0.40219.1
Project("{FAE04EC0-301F-11D3-BF4B-00C04F79EFBC}") = "CustomerServiceClient", "CustomerServiceClient\CustomerServiceClient.csproj", "{3CBDAB28-3FA4-4F61-A242-63FF653B8E0C}"
EndProject
Global
	GlobalSection(SolutionConfigurationPlatforms) = preSolution
		Debug|Any CPU = Debug|Any CPU
		Debug|x64 = Debug|x64
		Debug|x86 = Debug|x86
		Release|Any CPU = Release|Any CPU
		Release|x64 = Release|x64
		Release|x86 = Release|x86
	EndGlobalSection
	GlobalSection(ProjectConfigurationPlatforms) = postSolution
		{3CBDAB28-3FA4-4F61-A242-63FF653B8E0C}.Debug|Any CPU.ActiveCfg = Debug|Any CPU
		{3CBDAB28-3FA4-4F61-A242-63FF653B8E0C}.Debug|Any CPU.Build.0 = Debug|Any CPU
		{3CBDAB28-3FA4-4F61-A242-63FF653B8E0C}.Debug|x64.ActiveCfg = Debug|Any CPU
		{3CBDAB28-3FA4-4F61-A242-63FF653B8E0C}.Debug|x64.Build.0 = Debug|Any CPU
		{3CBDAB28-3FA4-4F61-A242-63FF653B8E0C}.Debug|x86.ActiveCfg = Debug|Any CPU
		{3CBDAB28-3FA4-4F61-A242-63FF653B8E0C}.Debug|x86.Build.0 = Debug|Any CPU
		{3CBDAB28-3FA4-4F61-A242-63FF653B8E0C}.Release|Any CPU.ActiveCfg = Release|Any CPU
		{3CBDAB28-3FA4-4F61-A242-63FF653B8E0C}.Release|Any CPU.Build.0 = Release|Any CPU
		{3CBDAB28-3FA4-4F61-A242-63FF653B8E0C}.Release|x64.ActiveCfg = Release|Any CPU
		{3CBDAB28-3FA4-4F61-A242-63FF653B8E0C}.Release|x64.Build.0 = Release|Any CPU
		{3CBDAB28-3FA4-4F61-A242-63FF653B8E0C}.Release|x86.ActiveCfg = Release|Any CPU
		{3CBDAB28-3FA4-4F61-A242-63FF653B8E0C}.Release|x86.Build.0 = Release|Any CPU
	EndGlobalSection
	GlobalSection(SolutionProperties) = preSolution
		HideSolutionNode = FALSE
	EndGlobalSection
	GlobalSection(ExtensibilityGlobals) = postSolution
		SolutionGuid = {E953EA2C-7031-456D-B214-52E49F570B76}
	EndGlobalSection
EndGlobal
