
Microsoft Visual Studio Solution File, Format Version 12.00
# Visual Studio Version 16
VisualStudioVersion = 16.0.30413.136
MinimumVisualStudioVersion = 10.0.40219.1
Project("{FAE04EC0-301F-11D3-BF4B-00C04F79EFBC}") = "RandomNumber", "RandomNumber\RandomNumber.csproj", "{AEF81C5D-2837-4A74-8647-5664E5DCC83D}"
EndProject
Global
	GlobalSection(SolutionConfigurationPlatforms) = preSolution
		Debug|Any CPU = Debug|Any CPU
		Release|Any CPU = Release|Any CPU
	EndGlobalSection
	GlobalSection(ProjectConfigurationPlatforms) = postSolution
		{AEF81C5D-2837-4A74-8647-5664E5DCC83D}.Debug|Any CPU.ActiveCfg = Debug|Any CPU
		{AEF81C5D-2837-4A74-8647-5664E5DCC83D}.Debug|Any CPU.Build.0 = Debug|Any CPU
		{AEF81C5D-2837-4A74-8647-5664E5DCC83D}.Release|Any CPU.ActiveCfg = Release|Any CPU
		{AEF81C5D-2837-4A74-8647-5664E5DCC83D}.Release|Any CPU.Build.0 = Release|Any CPU
	EndGlobalSection
	GlobalSection(SolutionProperties) = preSolution
		HideSolutionNode = FALSE
	EndGlobalSection
	GlobalSection(ExtensibilityGlobals) = postSolution
		SolutionGuid = {19471D2B-A291-40C5-BF29-DD9362B724AE}
	EndGlobalSection
EndGlobal
